
Microsoft Visual Studio Solution File, Format Version 12.00
# Visual Studio Version 16
VisualStudioVersion = 16.0.32929.386
MinimumVisualStudioVersion = 10.0.40219.1
Project("{FAE04EC0-301F-11D3-BF4B-00C04F79EFBC}") = "SAPB1.BLL", "SAPB1.BLL\SAPB1.BLL.csproj", "{248762DB-8C80-427D-A6DE-DE54999B7C07}"
EndProject
Project("{FAE04EC0-301F-11D3-BF4B-00C04F79EFBC}") = "SAPB1.WebForm", "..\Front End\SAPB1.WebForm\SAPB1.WebForm.csproj", "{09E32015-519E-48F7-B0F0-23869F8AD6F0}"
EndProject
Project("{FAE04EC0-301F-11D3-BF4B-00C04F79EFBC}") = "SAPB1.DTO", "SAPB1.DTO\SAPB1.DTO.csproj", "{E0025FF1-7D15-4D2F-B2DD-3060A2C1A9F5}"
EndProject
Project("{FAE04EC0-301F-11D3-BF4B-00C04F79EFBC}") = "SAPB1.IDAL", "SAPB1.IDAL\SAPB1.IDAL.csproj", "{F56062CF-8823-42C4-B8F6-645E20841CB8}"
EndProject
Project("{FAE04EC0-301F-11D3-BF4B-00C04F79EFBC}") = "SAPB1.DALFactory", "SAPB1.DALFactory\SAPB1.DALFactory.csproj", "{5BDFEEFE-9EFB-4C49-9A8C-B70867A87F2F}"
EndProject
Project("{FAE04EC0-301F-11D3-BF4B-00C04F79EFBC}") = "SAPB1.SqlServerDAL", "SAPB1.SqlServerDAL\SAPB1.SqlServerDAL.csproj", "{479FE5D2-15B0-40D6-BB4F-DE95AEEDF6A7}"
EndProject
Project("{FAE04EC0-301F-11D3-BF4B-00C04F79EFBC}") = "SAPB1.WebForms.Foton", "SAPB1.WebForms.Foton\SAPB1.WebForms.Foton.csproj", "{BB47F416-7484-402C-BA97-8AAD17D80CDB}"
EndProject
Project("{FAE04EC0-301F-11D3-BF4B-00C04F79EFBC}") = "SAPB1.WebForms.Abt", "SAPB1.WebForms.Abt\SAPB1.WebForms.Abt.csproj", "{F5914904-4EB3-45B2-8CFD-43D74DA717B6}"
EndProject
Project("{FAE04EC0-301F-11D3-BF4B-00C04F79EFBC}") = "SAPB1.WebForms.Dagan", "SAPB1.WebForms.Dagan\SAPB1.WebForms.Dagan.csproj", "{9CC8C8C1-67D9-4BF2-92DB-2D26452E3CB0}"
EndProject
Global
	GlobalSection(SolutionConfigurationPlatforms) = preSolution
		Debug|Any CPU = Debug|Any CPU
		Debug|x64 = Debug|x64
		Debug|x86 = Debug|x86
		Release|Any CPU = Release|Any CPU
		Release|x64 = Release|x64
		Release|x86 = Release|x86
	EndGlobalSection
	GlobalSection(ProjectConfigurationPlatforms) = postSolution
		{248762DB-8C80-427D-A6DE-DE54999B7C07}.Debug|Any CPU.ActiveCfg = Debug|Any CPU
		{248762DB-8C80-427D-A6DE-DE54999B7C07}.Debug|Any CPU.Build.0 = Debug|Any CPU
		{248762DB-8C80-427D-A6DE-DE54999B7C07}.Debug|x64.ActiveCfg = Debug|x64
		{248762DB-8C80-427D-A6DE-DE54999B7C07}.Debug|x64.Build.0 = Debug|x64
		{248762DB-8C80-427D-A6DE-DE54999B7C07}.Debug|x86.ActiveCfg = Debug|x86
		{248762DB-8C80-427D-A6DE-DE54999B7C07}.Debug|x86.Build.0 = Debug|x86
		{248762DB-8C80-427D-A6DE-DE54999B7C07}.Release|Any CPU.ActiveCfg = Release|Any CPU
		{248762DB-8C80-427D-A6DE-DE54999B7C07}.Release|Any CPU.Build.0 = Release|Any CPU
		{248762DB-8C80-427D-A6DE-DE54999B7C07}.Release|x64.ActiveCfg = Release|x64
		{248762DB-8C80-427D-A6DE-DE54999B7C07}.Release|x64.Build.0 = Release|x64
		{248762DB-8C80-427D-A6DE-DE54999B7C07}.Release|x86.ActiveCfg = Release|x86
		{248762DB-8C80-427D-A6DE-DE54999B7C07}.Release|x86.Build.0 = Release|x86
		{09E32015-519E-48F7-B0F0-23869F8AD6F0}.Debug|Any CPU.ActiveCfg = Debug|Any CPU
		{09E32015-519E-48F7-B0F0-23869F8AD6F0}.Debug|Any CPU.Build.0 = Debug|Any CPU
		{09E32015-519E-48F7-B0F0-23869F8AD6F0}.Debug|x64.ActiveCfg = Debug|x64
		{09E32015-519E-48F7-B0F0-23869F8AD6F0}.Debug|x64.Build.0 = Debug|x64
		{09E32015-519E-48F7-B0F0-23869F8AD6F0}.Debug|x86.ActiveCfg = Debug|x86
		{09E32015-519E-48F7-B0F0-23869F8AD6F0}.Debug|x86.Build.0 = Debug|x86
		{09E32015-519E-48F7-B0F0-23869F8AD6F0}.Release|Any CPU.ActiveCfg = Release|Any CPU
		{09E32015-519E-48F7-B0F0-23869F8AD6F0}.Release|Any CPU.Build.0 = Release|Any CPU
		{09E32015-519E-48F7-B0F0-23869F8AD6F0}.Release|x64.ActiveCfg = Release|x64
		{09E32015-519E-48F7-B0F0-23869F8AD6F0}.Release|x64.Build.0 = Release|x64
		{09E32015-519E-48F7-B0F0-23869F8AD6F0}.Release|x86.ActiveCfg = Release|x86
		{09E32015-519E-48F7-B0F0-23869F8AD6F0}.Release|x86.Build.0 = Release|x86
		{E0025FF1-7D15-4D2F-B2DD-3060A2C1A9F5}.Debug|Any CPU.ActiveCfg = Debug|Any CPU
		{E0025FF1-7D15-4D2F-B2DD-3060A2C1A9F5}.Debug|Any CPU.Build.0 = Debug|Any CPU
		{E0025FF1-7D15-4D2F-B2DD-3060A2C1A9F5}.Debug|x64.ActiveCfg = Debug|x64
		{E0025FF1-7D15-4D2F-B2DD-3060A2C1A9F5}.Debug|x64.Build.0 = Debug|x64
		{E0025FF1-7D15-4D2F-B2DD-3060A2C1A9F5}.Debug|x86.ActiveCfg = Debug|x86
		{E0025FF1-7D15-4D2F-B2DD-3060A2C1A9F5}.Debug|x86.Build.0 = Debug|x86
		{E0025FF1-7D15-4D2F-B2DD-3060A2C1A9F5}.Release|Any CPU.ActiveCfg = Release|Any CPU
		{E0025FF1-7D15-4D2F-B2DD-3060A2C1A9F5}.Release|Any CPU.Build.0 = Release|Any CPU
		{E0025FF1-7D15-4D2F-B2DD-3060A2C1A9F5}.Release|x64.ActiveCfg = Release|x64
		{E0025FF1-7D15-4D2F-B2DD-3060A2C1A9F5}.Release|x64.Build.0 = Release|x64
		{E0025FF1-7D15-4D2F-B2DD-3060A2C1A9F5}.Release|x86.ActiveCfg = Release|x86
		{E0025FF1-7D15-4D2F-B2DD-3060A2C1A9F5}.Release|x86.Build.0 = Release|x86
		{F56062CF-8823-42C4-B8F6-645E20841CB8}.Debug|Any CPU.ActiveCfg = Debug|Any CPU
		{F56062CF-8823-42C4-B8F6-645E20841CB8}.Debug|Any CPU.Build.0 = Debug|Any CPU
		{F56062CF-8823-42C4-B8F6-645E20841CB8}.Debug|x64.ActiveCfg = Debug|x64
		{F56062CF-8823-42C4-B8F6-645E20841CB8}.Debug|x64.Build.0 = Debug|x64
		{F56062CF-8823-42C4-B8F6-645E20841CB8}.Debug|x86.ActiveCfg = Debug|x86
		{F56062CF-8823-42C4-B8F6-645E20841CB8}.Debug|x86.Build.0 = Debug|x86
		{F56062CF-8823-42C4-B8F6-645E20841CB8}.Release|Any CPU.ActiveCfg = Release|Any CPU
		{F56062CF-8823-42C4-B8F6-645E20841CB8}.Release|Any CPU.Build.0 = Release|Any CPU
		{F56062CF-8823-42C4-B8F6-645E20841CB8}.Release|x64.ActiveCfg = Release|x64
		{F56062CF-8823-42C4-B8F6-645E20841CB8}.Release|x64.Build.0 = Release|x64
		{F56062CF-8823-42C4-B8F6-645E20841CB8}.Release|x86.ActiveCfg = Release|x86
		{F56062CF-8823-42C4-B8F6-645E20841CB8}.Release|x86.Build.0 = Release|x86
		{5BDFEEFE-9EFB-4C49-9A8C-B70867A87F2F}.Debug|Any CPU.ActiveCfg = Debug|Any CPU
		{5BDFEEFE-9EFB-4C49-9A8C-B70867A87F2F}.Debug|Any CPU.Build.0 = Debug|Any CPU
		{5BDFEEFE-9EFB-4C49-9A8C-B70867A87F2F}.Debug|x64.ActiveCfg = Debug|x64
		{5BDFEEFE-9EFB-4C49-9A8C-B70867A87F2F}.Debug|x64.Build.0 = Debug|x64
		{5BDFEEFE-9EFB-4C49-9A8C-B70867A87F2F}.Debug|x86.ActiveCfg = Debug|x86
		{5BDFEEFE-9EFB-4C49-9A8C-B70867A87F2F}.Debug|x86.Build.0 = Debug|x86
		{5BDFEEFE-9EFB-4C49-9A8C-B70867A87F2F}.Release|Any CPU.ActiveCfg = Release|Any CPU
		{5BDFEEFE-9EFB-4C49-9A8C-B70867A87F2F}.Release|Any CPU.Build.0 = Release|Any CPU
		{5BDFEEFE-9EFB-4C49-9A8C-B70867A87F2F}.Release|x64.ActiveCfg = Release|x64
		{5BDFEEFE-9EFB-4C49-9A8C-B70867A87F2F}.Release|x64.Build.0 = Release|x64
		{5BDFEEFE-9EFB-4C49-9A8C-B70867A87F2F}.Release|x86.ActiveCfg = Release|x86
		{5BDFEEFE-9EFB-4C49-9A8C-B70867A87F2F}.Release|x86.Build.0 = Release|x86
		{479FE5D2-15B0-40D6-BB4F-DE95AEEDF6A7}.Debug|Any CPU.ActiveCfg = Debug|Any CPU
		{479FE5D2-15B0-40D6-BB4F-DE95AEEDF6A7}.Debug|Any CPU.Build.0 = Debug|Any CPU
		{479FE5D2-15B0-40D6-BB4F-DE95AEEDF6A7}.Debug|x64.ActiveCfg = Debug|x64
		{479FE5D2-15B0-40D6-BB4F-DE95AEEDF6A7}.Debug|x64.Build.0 = Debug|x64
		{479FE5D2-15B0-40D6-BB4F-DE95AEEDF6A7}.Debug|x86.ActiveCfg = Debug|x86
		{479FE5D2-15B0-40D6-BB4F-DE95AEEDF6A7}.Debug|x86.Build.0 = Debug|x86
		{479FE5D2-15B0-40D6-BB4F-DE95AEEDF6A7}.Release|Any CPU.ActiveCfg = Release|Any CPU
		{479FE5D2-15B0-40D6-BB4F-DE95AEEDF6A7}.Release|Any CPU.Build.0 = Release|Any CPU
		{479FE5D2-15B0-40D6-BB4F-DE95AEEDF6A7}.Release|x64.ActiveCfg = Release|x64
		{479FE5D2-15B0-40D6-BB4F-DE95AEEDF6A7}.Release|x64.Build.0 = Release|x64
		{479FE5D2-15B0-40D6-BB4F-DE95AEEDF6A7}.Release|x86.ActiveCfg = Release|x86
		{479FE5D2-15B0-40D6-BB4F-DE95AEEDF6A7}.Release|x86.Build.0 = Release|x86
		{BB47F416-7484-402C-BA97-8AAD17D80CDB}.Debug|Any CPU.ActiveCfg = Debug|Any CPU
		{BB47F416-7484-402C-BA97-8AAD17D80CDB}.Debug|Any CPU.Build.0 = Debug|Any CPU
		{BB47F416-7484-402C-BA97-8AAD17D80CDB}.Debug|x64.ActiveCfg = Debug|x64
		{BB47F416-7484-402C-BA97-8AAD17D80CDB}.Debug|x64.Build.0 = Debug|x64
		{BB47F416-7484-402C-BA97-8AAD17D80CDB}.Debug|x86.ActiveCfg = Debug|x86
		{BB47F416-7484-402C-BA97-8AAD17D80CDB}.Debug|x86.Build.0 = Debug|x86
		{BB47F416-7484-402C-BA97-8AAD17D80CDB}.Release|Any CPU.ActiveCfg = Release|Any CPU
		{BB47F416-7484-402C-BA97-8AAD17D80CDB}.Release|Any CPU.Build.0 = Release|Any CPU
		{BB47F416-7484-402C-BA97-8AAD17D80CDB}.Release|x64.ActiveCfg = Release|x64
		{BB47F416-7484-402C-BA97-8AAD17D80CDB}.Release|x64.Build.0 = Release|x64
		{BB47F416-7484-402C-BA97-8AAD17D80CDB}.Release|x86.ActiveCfg = Release|x86
		{BB47F416-7484-402C-BA97-8AAD17D80CDB}.Release|x86.Build.0 = Release|x86
		{F5914904-4EB3-45B2-8CFD-43D74DA717B6}.Debug|Any CPU.ActiveCfg = Debug|Any CPU
		{F5914904-4EB3-45B2-8CFD-43D74DA717B6}.Debug|Any CPU.Build.0 = Debug|Any CPU
		{F5914904-4EB3-45B2-8CFD-43D74DA717B6}.Debug|x64.ActiveCfg = Debug|x64
		{F5914904-4EB3-45B2-8CFD-43D74DA717B6}.Debug|x64.Build.0 = Debug|x64
		{F5914904-4EB3-45B2-8CFD-43D74DA717B6}.Debug|x86.ActiveCfg = Debug|x86
		{F5914904-4EB3-45B2-8CFD-43D74DA717B6}.Debug|x86.Build.0 = Debug|x86
		{F5914904-4EB3-45B2-8CFD-43D74DA717B6}.Release|Any CPU.ActiveCfg = Release|Any CPU
		{F5914904-4EB3-45B2-8CFD-43D74DA717B6}.Release|Any CPU.Build.0 = Release|Any CPU
		{F5914904-4EB3-45B2-8CFD-43D74DA717B6}.Release|x64.ActiveCfg = Release|x64
		{F5914904-4EB3-45B2-8CFD-43D74DA717B6}.Release|x64.Build.0 = Release|x64
		{F5914904-4EB3-45B2-8CFD-43D74DA717B6}.Release|x86.ActiveCfg = Release|x86
		{F5914904-4EB3-45B2-8CFD-43D74DA717B6}.Release|x86.Build.0 = Release|x86
		{9CC8C8C1-67D9-4BF2-92DB-2D26452E3CB0}.Debug|Any CPU.ActiveCfg = Debug|Any CPU
		{9CC8C8C1-67D9-4BF2-92DB-2D26452E3CB0}.Debug|Any CPU.Build.0 = Debug|Any CPU
		{9CC8C8C1-67D9-4BF2-92DB-2D26452E3CB0}.Debug|x64.ActiveCfg = Debug|x64
		{9CC8C8C1-67D9-4BF2-92DB-2D26452E3CB0}.Debug|x64.Build.0 = Debug|x64
		{9CC8C8C1-67D9-4BF2-92DB-2D26452E3CB0}.Debug|x86.ActiveCfg = Debug|x86
		{9CC8C8C1-67D9-4BF2-92DB-2D26452E3CB0}.Debug|x86.Build.0 = Debug|x86
		{9CC8C8C1-67D9-4BF2-92DB-2D26452E3CB0}.Release|Any CPU.ActiveCfg = Release|Any CPU
		{9CC8C8C1-67D9-4BF2-92DB-2D26452E3CB0}.Release|Any CPU.Build.0 = Release|Any CPU
		{9CC8C8C1-67D9-4BF2-92DB-2D26452E3CB0}.Release|x64.ActiveCfg = Release|x64
		{9CC8C8C1-67D9-4BF2-92DB-2D26452E3CB0}.Release|x64.Build.0 = Release|x64
		{9CC8C8C1-67D9-4BF2-92DB-2D26452E3CB0}.Release|x86.ActiveCfg = Release|x86
		{9CC8C8C1-67D9-4BF2-92DB-2D26452E3CB0}.Release|x86.Build.0 = Release|x86
	EndGlobalSection
	GlobalSection(SolutionProperties) = preSolution
		HideSolutionNode = FALSE
	EndGlobalSection
	GlobalSection(ExtensibilityGlobals) = postSolution
		SolutionGuid = {659FAD8C-901B-4AD0-AC76-B42C34DD27DC}
	EndGlobalSection
EndGlobal
